
Microsoft Visual Studio Solution File, Format Version 12.00
# Visual Studio Version 17
VisualStudioVersion = 17.14.36401.2 d17.14
MinimumVisualStudioVersion = 10.0.40219.1
Project("{FAE04EC0-301F-11D3-BF4B-00C04F79EFBC}") = "Star-Security", "Star-Security.csproj", "{AE077F9F-60C5-4944-B961-D51042801A0F}"
EndProject
Global
	GlobalSection(SolutionConfigurationPlatforms) = preSolution
		Debug|Any CPU = Debug|Any CPU
		Release|Any CPU = Release|Any CPU
	EndGlobalSection
	GlobalSection(ProjectConfigurationPlatforms) = postSolution
		{AE077F9F-60C5-4944-B961-D51042801A0F}.Debug|Any CPU.ActiveCfg = Debug|Any CPU
		{AE077F9F-60C5-4944-B961-D51042801A0F}.Debug|Any CPU.Build.0 = Debug|Any CPU
		{AE077F9F-60C5-4944-B961-D51042801A0F}.Release|Any CPU.ActiveCfg = Release|Any CPU
		{AE077F9F-60C5-4944-B961-D51042801A0F}.Release|Any CPU.Build.0 = Release|Any CPU
	EndGlobalSection
	GlobalSection(SolutionProperties) = preSolution
		HideSolutionNode = FALSE
	EndGlobalSection
	GlobalSection(ExtensibilityGlobals) = postSolution
		SolutionGuid = {79279106-93F8-44E8-8A61-EDA51FA420D6}
	EndGlobalSection
EndGlobal
